// !$*UTF8*$!
{
	archiveVersion = 1;
	classes = {
	};
	objectVersion = 46;
	objects = {

/* Begin PBXFileReference section */
		0FB6CEC31CB5E432007B9F6E /* libTinyFS.h */ = {isa = PBXFileReference; lastKnownFileType = sourcecode.c.h; path = libTinyFS.h; sourceTree = "<group>"; };
		0FB6CEC41CB5E5B1007B9F6E /* tinyFS.h */ = {isa = PBXFileReference; lastKnownFileType = sourcecode.c.h; path = tinyFS.h; sourceTree = "<group>"; };
		0FB6CEC51CB5E5E2007B9F6E /* Makefile */ = {isa = PBXFileReference; lastKnownFileType = sourcecode.make; path = Makefile; sourceTree = "<group>"; };
		0FB6CEC61CB5E609007B9F6E /* tests.c */ = {isa = PBXFileReference; lastKnownFileType = sourcecode.c.c; path = tests.c; sourceTree = "<group>"; };
/* End PBXFileReference section */

/* Begin PBXGroup section */
		0FB6CEBB1CB5E351007B9F6E = {
			isa = PBXGroup;
			children = (
				0FB6CEC61CB5E609007B9F6E /* tests.c */,
				0FB6CEC31CB5E432007B9F6E /* libTinyFS.h */,
				0FB6CEC41CB5E5B1007B9F6E /* tinyFS.h */,
				0FB6CEC51CB5E5E2007B9F6E /* Makefile */,
			);
			sourceTree = "<group>";
		};
/* End PBXGroup section */

/* Begin PBXProject section */
		0FB6CEBC1CB5E351007B9F6E /* Project object */ = {
			isa = PBXProject;
			attributes = {
				LastUpgradeCheck = 0720;
			};
			buildConfigurationList = 0FB6CEBF1CB5E351007B9F6E /* Build configuration list for PBXProject "lab02" */;
			compatibilityVersion = "Xcode 3.2";
			developmentRegion = English;
			hasScannedForEncodings = 0;
			knownRegions = (
				en,
			);
			mainGroup = 0FB6CEBB1CB5E351007B9F6E;
			projectDirPath = "";
			projectRoot = "";
			targets = (
			);
		};
/* End PBXProject section */

/* Begin XCBuildConfiguration section */
		0FB6CEC01CB5E351007B9F6E /* Debug */ = {
			isa = XCBuildConfiguration;
			buildSettings = {
			};
			name = Debug;
		};
		0FB6CEC11CB5E351007B9F6E /* Release */ = {
			isa = XCBuildConfiguration;
			buildSettings = {
			};
			name = Release;
		};
/* End XCBuildConfiguration section */

/* Begin XCConfigurationList section */
		0FB6CEBF1CB5E351007B9F6E /* Build configuration list for PBXProject "lab02" */ = {
			isa = XCConfigurationList;
			buildConfigurations = (
				0FB6CEC01CB5E351007B9F6E /* Debug */,
				0FB6CEC11CB5E351007B9F6E /* Release */,
			);
			defaultConfigurationIsVisible = 0;
			defaultConfigurationName = Release;
		};
/* End XCConfigurationList section */
	};
	rootObject = 0FB6CEBC1CB5E351007B9F6E /* Project object */;
}
