// !$*UTF8*$!
{
	archiveVersion = 1;
	classes = {
	};
	objectVersion = 46;
	objects = {

/* Begin PBXFileReference section */
		0FB6CEC51CB5E5E2007B9F6E /* Makefile */ = {isa = PBXFileReference; lastKnownFileType = sourcecode.make; path = Makefile; sourceTree = "<group>"; };
		638E34D21CB823C5006530E0 /* BufferManager.c */ = {isa = PBXFileReference; lastKnownFileType = sourcecode.c.c; path = BufferManager.c; sourceTree = "<group>"; };
		638E34D31CB823C5006530E0 /* BufferManager.h */ = {isa = PBXFileReference; lastKnownFileType = sourcecode.c.h; path = BufferManager.h; sourceTree = "<group>"; };
		638E34D81CB823C5006530E0 /* README */ = {isa = PBXFileReference; lastKnownFileType = text; path = README; sourceTree = "<group>"; };
		638E34D91CB823C5006530E0 /* TestHarness.c */ = {isa = PBXFileReference; lastKnownFileType = sourcecode.c.c; path = TestHarness.c; sourceTree = "<group>"; };
		CB1739A51CD1945200405878 /* libs */ = {isa = PBXFileReference; lastKnownFileType = folder; path = libs; sourceTree = "<group>"; };
/* End PBXFileReference section */

/* Begin PBXGroup section */
		0FB6CEBB1CB5E351007B9F6E = {
			isa = PBXGroup;
			children = (
				CB1739A51CD1945200405878 /* libs */,
				638E34D21CB823C5006530E0 /* BufferManager.c */,
				638E34D31CB823C5006530E0 /* BufferManager.h */,
				638E34D81CB823C5006530E0 /* README */,
				638E34D91CB823C5006530E0 /* TestHarness.c */,
				0FB6CEC51CB5E5E2007B9F6E /* Makefile */,
			);
			sourceTree = "<group>";
		};
/* End PBXGroup section */

/* Begin PBXProject section */
		0FB6CEBC1CB5E351007B9F6E /* Project object */ = {
			isa = PBXProject;
			attributes = {
				LastUpgradeCheck = 0720;
			};
			buildConfigurationList = 0FB6CEBF1CB5E351007B9F6E /* Build configuration list for PBXProject "proj" */;
			compatibilityVersion = "Xcode 3.2";
			developmentRegion = English;
			hasScannedForEncodings = 0;
			knownRegions = (
				en,
			);
			mainGroup = 0FB6CEBB1CB5E351007B9F6E;
			projectDirPath = "";
			projectRoot = "";
			targets = (
			);
		};
/* End PBXProject section */

/* Begin XCBuildConfiguration section */
		0FB6CEC01CB5E351007B9F6E /* Debug */ = {
			isa = XCBuildConfiguration;
			buildSettings = {
			};
			name = Debug;
		};
		0FB6CEC11CB5E351007B9F6E /* Release */ = {
			isa = XCBuildConfiguration;
			buildSettings = {
			};
			name = Release;
		};
/* End XCBuildConfiguration section */

/* Begin XCConfigurationList section */
		0FB6CEBF1CB5E351007B9F6E /* Build configuration list for PBXProject "proj" */ = {
			isa = XCConfigurationList;
			buildConfigurations = (
				0FB6CEC01CB5E351007B9F6E /* Debug */,
				0FB6CEC11CB5E351007B9F6E /* Release */,
			);
			defaultConfigurationIsVisible = 0;
			defaultConfigurationName = Release;
		};
/* End XCConfigurationList section */
	};
	rootObject = 0FB6CEBC1CB5E351007B9F6E /* Project object */;
}
