// !$*UTF8*$!
{
	archiveVersion = 1;
	classes = {
	};
	objectVersion = 46;
	objects = {

/* Begin PBXFileReference section */
		0FB6CEC51CB5E5E2007B9F6E /* Makefile */ = {isa = PBXFileReference; lastKnownFileType = sourcecode.make; path = Makefile; sourceTree = "<group>"; };
		638E34D81CB823C5006530E0 /* README */ = {isa = PBXFileReference; lastKnownFileType = text; path = README; sourceTree = "<group>"; };
		638E34D91CB823C5006530E0 /* TestHarness.cpp */ = {isa = PBXFileReference; lastKnownFileType = sourcecode.cpp.cpp; path = TestHarness.cpp; sourceTree = "<group>"; };
		63B790A81CD96710000F782B /* TestParser.cpp */ = {isa = PBXFileReference; lastKnownFileType = sourcecode.cpp.cpp; path = TestParser.cpp; sourceTree = "<group>"; };
		CB1739A51CD1945200405878 /* libs */ = {isa = PBXFileReference; lastKnownFileType = folder; path = libs; sourceTree = "<group>"; };
		CB1DD2C51CE1486300185A27 /* test_files */ = {isa = PBXFileReference; lastKnownFileType = folder; path = test_files; sourceTree = "<group>"; };
		CB1DD2C71CE1639200185A27 /* TestHeapFile.cpp */ = {isa = PBXFileReference; lastKnownFileType = sourcecode.cpp.cpp; path = TestHeapFile.cpp; sourceTree = "<group>"; };
		CB4270881CED2D150038493C /* BplusTree.c */ = {isa = PBXFileReference; lastKnownFileType = sourcecode.c.c; path = BplusTree.c; sourceTree = "<group>"; };
		CB4270891CED2D150038493C /* BplusTree.h */ = {isa = PBXFileReference; lastKnownFileType = sourcecode.c.h; path = BplusTree.h; sourceTree = "<group>"; };
		CB42708A1CED2D280038493C /* SeqFile.c */ = {isa = PBXFileReference; lastKnownFileType = sourcecode.c.c; path = SeqFile.c; sourceTree = "<group>"; };
		CB42708B1CED2D280038493C /* SeqFile.h */ = {isa = PBXFileReference; lastKnownFileType = sourcecode.c.h; path = SeqFile.h; sourceTree = "<group>"; };
		CB4270901CF582040038493C /* ParserDebug.cpp */ = {isa = PBXFileReference; lastKnownFileType = sourcecode.cpp.cpp; path = ParserDebug.cpp; sourceTree = "<group>"; };
		CB4270911CF582040038493C /* ParserDebug.h */ = {isa = PBXFileReference; lastKnownFileType = sourcecode.c.h; path = ParserDebug.h; sourceTree = "<group>"; };
		CB4270991CF58F3F0038493C /* FLOPPY_CLI.cpp */ = {isa = PBXFileReference; lastKnownFileType = sourcecode.cpp.cpp; path = FLOPPY_CLI.cpp; sourceTree = "<group>"; };
		CB42709B1D03D8710038493C /* FLOPPYResult.cpp */ = {isa = PBXFileReference; lastKnownFileType = sourcecode.cpp.cpp; path = FLOPPYResult.cpp; sourceTree = "<group>"; };
		CB42709C1D03D8710038493C /* FLOPPYResult.h */ = {isa = PBXFileReference; lastKnownFileType = sourcecode.c.h; path = FLOPPYResult.h; sourceTree = "<group>"; };
		CB42709D1D03E5F10038493C /* FLOPPY_DBMS.cpp */ = {isa = PBXFileReference; lastKnownFileType = sourcecode.cpp.cpp; path = FLOPPY_DBMS.cpp; sourceTree = "<group>"; };
		CB42709E1D03E5F70038493C /* FLOPPY_DBMS.h */ = {isa = PBXFileReference; lastKnownFileType = sourcecode.c.h; path = FLOPPY_DBMS.h; sourceTree = "<group>"; };
		CB42709F1D03E6E90038493C /* FLOPPY_CLI.h */ = {isa = PBXFileReference; lastKnownFileType = sourcecode.c.h; path = FLOPPY_CLI.h; sourceTree = "<group>"; };
		CB4270A01D0412AE0038493C /* FLOPPYHeapFile.cpp */ = {isa = PBXFileReference; lastKnownFileType = sourcecode.cpp.cpp; path = FLOPPYHeapFile.cpp; sourceTree = "<group>"; };
		CB4270A11D0412AE0038493C /* FLOPPYHeapFile.h */ = {isa = PBXFileReference; lastKnownFileType = sourcecode.c.h; path = FLOPPYHeapFile.h; sourceTree = "<group>"; };
		CB4270A21D04258A0038493C /* FLOPPYBufferManager.cpp */ = {isa = PBXFileReference; lastKnownFileType = sourcecode.cpp.cpp; path = FLOPPYBufferManager.cpp; sourceTree = "<group>"; };
		CB4270A31D04258A0038493C /* FLOPPYBufferManager.h */ = {isa = PBXFileReference; lastKnownFileType = sourcecode.c.h; path = FLOPPYBufferManager.h; sourceTree = "<group>"; };
		CB4270AB1D04CCBF0038493C /* FLOPPYFileManager.cpp */ = {isa = PBXFileReference; lastKnownFileType = sourcecode.cpp.cpp; path = FLOPPYFileManager.cpp; sourceTree = "<group>"; };
		CB4270AC1D04CCBF0038493C /* FLOPPYFileManager.h */ = {isa = PBXFileReference; lastKnownFileType = sourcecode.c.h; path = FLOPPYFileManager.h; sourceTree = "<group>"; };
		CB4270AD1D04D0130038493C /* FLOPPYBitmap.cpp */ = {isa = PBXFileReference; lastKnownFileType = sourcecode.cpp.cpp; path = FLOPPYBitmap.cpp; sourceTree = "<group>"; };
		CB4270AE1D04D0130038493C /* FLOPPYBitmap.h */ = {isa = PBXFileReference; lastKnownFileType = sourcecode.c.h; path = FLOPPYBitmap.h; sourceTree = "<group>"; };
		CB4270B31D0533C80038493C /* FLOPPYRecord.cpp */ = {isa = PBXFileReference; lastKnownFileType = sourcecode.cpp.cpp; path = FLOPPYRecord.cpp; sourceTree = "<group>"; };
		CB4270B41D0533C80038493C /* FLOPPYRecord.h */ = {isa = PBXFileReference; lastKnownFileType = sourcecode.c.h; path = FLOPPYRecord.h; sourceTree = "<group>"; };
		CB4270B51D0543F60038493C /* FLOPPYColumn.cpp */ = {isa = PBXFileReference; lastKnownFileType = sourcecode.cpp.cpp; path = FLOPPYColumn.cpp; sourceTree = "<group>"; };
		CB4270B61D0543F60038493C /* FLOPPYColumn.h */ = {isa = PBXFileReference; lastKnownFileType = sourcecode.c.h; path = FLOPPYColumn.h; sourceTree = "<group>"; };
		CB4270B71D0545330038493C /* FLOPPYRecordDescription.cpp */ = {isa = PBXFileReference; lastKnownFileType = sourcecode.cpp.cpp; path = FLOPPYRecordDescription.cpp; sourceTree = "<group>"; };
		CB4270B81D0545330038493C /* FLOPPYRecordDescription.h */ = {isa = PBXFileReference; lastKnownFileType = sourcecode.c.h; path = FLOPPYRecordDescription.h; sourceTree = "<group>"; };
/* End PBXFileReference section */

/* Begin PBXGroup section */
		0FB6CEBB1CB5E351007B9F6E = {
			isa = PBXGroup;
			children = (
				CB1739A51CD1945200405878 /* libs */,
				CB1DD2C51CE1486300185A27 /* test_files */,
				CB4270921CF582C20038493C /* paser */,
				CB4270931CF582DE0038493C /* Read/Write */,
				CB4270941CF583130038493C /* file level */,
				CB4270B21D05329D0038493C /* record level */,
				638E34D81CB823C5006530E0 /* README */,
				CB1DD2C81CE1639800185A27 /* Tests */,
				0FB6CEC51CB5E5E2007B9F6E /* Makefile */,
				CB4270AF1D0516CF0038493C /* old */,
			);
			sourceTree = "<group>";
		};
		CB1DD2C81CE1639800185A27 /* Tests */ = {
			isa = PBXGroup;
			children = (
				638E34D91CB823C5006530E0 /* TestHarness.cpp */,
				CB1DD2C71CE1639200185A27 /* TestHeapFile.cpp */,
				63B790A81CD96710000F782B /* TestParser.cpp */,
			);
			name = Tests;
			sourceTree = "<group>";
		};
		CB4270921CF582C20038493C /* paser */ = {
			isa = PBXGroup;
			children = (
				CB4270901CF582040038493C /* ParserDebug.cpp */,
				CB4270911CF582040038493C /* ParserDebug.h */,
				CB42709B1D03D8710038493C /* FLOPPYResult.cpp */,
				CB42709C1D03D8710038493C /* FLOPPYResult.h */,
				CB42709D1D03E5F10038493C /* FLOPPY_DBMS.cpp */,
				CB42709E1D03E5F70038493C /* FLOPPY_DBMS.h */,
				CB4270991CF58F3F0038493C /* FLOPPY_CLI.cpp */,
				CB42709F1D03E6E90038493C /* FLOPPY_CLI.h */,
			);
			name = paser;
			sourceTree = "<group>";
		};
		CB4270931CF582DE0038493C /* Read/Write */ = {
			isa = PBXGroup;
			children = (
				CB4270A21D04258A0038493C /* FLOPPYBufferManager.cpp */,
				CB4270A31D04258A0038493C /* FLOPPYBufferManager.h */,
			);
			name = Read/Write;
			sourceTree = "<group>";
		};
		CB4270941CF583130038493C /* file level */ = {
			isa = PBXGroup;
			children = (
				CB4270AB1D04CCBF0038493C /* FLOPPYFileManager.cpp */,
				CB4270AC1D04CCBF0038493C /* FLOPPYFileManager.h */,
				CB4270A01D0412AE0038493C /* FLOPPYHeapFile.cpp */,
				CB4270A11D0412AE0038493C /* FLOPPYHeapFile.h */,
				CB4270AD1D04D0130038493C /* FLOPPYBitmap.cpp */,
				CB4270AE1D04D0130038493C /* FLOPPYBitmap.h */,
			);
			name = "file level";
			sourceTree = "<group>";
		};
		CB4270AF1D0516CF0038493C /* old */ = {
			isa = PBXGroup;
			children = (
				CB42708A1CED2D280038493C /* SeqFile.c */,
				CB42708B1CED2D280038493C /* SeqFile.h */,
				CB4270881CED2D150038493C /* BplusTree.c */,
				CB4270891CED2D150038493C /* BplusTree.h */,
			);
			name = old;
			sourceTree = "<group>";
		};
		CB4270B21D05329D0038493C /* record level */ = {
			isa = PBXGroup;
			children = (
				CB4270B71D0545330038493C /* FLOPPYRecordDescription.cpp */,
				CB4270B81D0545330038493C /* FLOPPYRecordDescription.h */,
				CB4270B51D0543F60038493C /* FLOPPYColumn.cpp */,
				CB4270B61D0543F60038493C /* FLOPPYColumn.h */,
				CB4270B31D0533C80038493C /* FLOPPYRecord.cpp */,
				CB4270B41D0533C80038493C /* FLOPPYRecord.h */,
			);
			name = "record level";
			sourceTree = "<group>";
		};
/* End PBXGroup section */

/* Begin PBXProject section */
		0FB6CEBC1CB5E351007B9F6E /* Project object */ = {
			isa = PBXProject;
			attributes = {
				LastUpgradeCheck = 0720;
			};
			buildConfigurationList = 0FB6CEBF1CB5E351007B9F6E /* Build configuration list for PBXProject "proj" */;
			compatibilityVersion = "Xcode 3.2";
			developmentRegion = English;
			hasScannedForEncodings = 0;
			knownRegions = (
				en,
			);
			mainGroup = 0FB6CEBB1CB5E351007B9F6E;
			projectDirPath = "";
			projectRoot = "";
			targets = (
			);
		};
/* End PBXProject section */

/* Begin XCBuildConfiguration section */
		0FB6CEC01CB5E351007B9F6E /* Debug */ = {
			isa = XCBuildConfiguration;
			buildSettings = {
			};
			name = Debug;
		};
		0FB6CEC11CB5E351007B9F6E /* Release */ = {
			isa = XCBuildConfiguration;
			buildSettings = {
			};
			name = Release;
		};
/* End XCBuildConfiguration section */

/* Begin XCConfigurationList section */
		0FB6CEBF1CB5E351007B9F6E /* Build configuration list for PBXProject "proj" */ = {
			isa = XCConfigurationList;
			buildConfigurations = (
				0FB6CEC01CB5E351007B9F6E /* Debug */,
				0FB6CEC11CB5E351007B9F6E /* Release */,
			);
			defaultConfigurationIsVisible = 0;
			defaultConfigurationName = Release;
		};
/* End XCConfigurationList section */
	};
	rootObject = 0FB6CEBC1CB5E351007B9F6E /* Project object */;
}
