// !$*UTF8*$!
{
	archiveVersion = 1;
	classes = {
	};
	objectVersion = 46;
	objects = {

/* Begin PBXFileReference section */
		0FB6CEC51CB5E5E2007B9F6E /* Makefile */ = {isa = PBXFileReference; lastKnownFileType = sourcecode.make; path = Makefile; sourceTree = "<group>"; };
		638E34D21CB823C5006530E0 /* BufferManager.c */ = {isa = PBXFileReference; lastKnownFileType = sourcecode.c.c; path = BufferManager.c; sourceTree = "<group>"; };
		638E34D31CB823C5006530E0 /* BufferManager.h */ = {isa = PBXFileReference; lastKnownFileType = sourcecode.c.h; path = BufferManager.h; sourceTree = "<group>"; };
		638E34D81CB823C5006530E0 /* README */ = {isa = PBXFileReference; lastKnownFileType = text; path = README; sourceTree = "<group>"; };
		638E34D91CB823C5006530E0 /* TestHarness.c */ = {isa = PBXFileReference; lastKnownFileType = sourcecode.c.c; path = TestHarness.c; sourceTree = "<group>"; };
		63B790A61CD96629000F782B /* StatementParser.c */ = {isa = PBXFileReference; lastKnownFileType = sourcecode.c.c; path = StatementParser.c; sourceTree = "<group>"; };
		63B790A71CD96629000F782B /* StatementParser.h */ = {isa = PBXFileReference; lastKnownFileType = sourcecode.c.h; path = StatementParser.h; sourceTree = "<group>"; };
		63B790A81CD96710000F782B /* TestParser.cpp */ = {isa = PBXFileReference; lastKnownFileType = sourcecode.cpp.cpp; path = TestParser.cpp; sourceTree = "<group>"; };
		CB1739A51CD1945200405878 /* libs */ = {isa = PBXFileReference; lastKnownFileType = folder; path = libs; sourceTree = "<group>"; };
		CB1739A91CD19F3100405878 /* ReadWrite.c */ = {isa = PBXFileReference; lastKnownFileType = sourcecode.c.c; path = ReadWrite.c; sourceTree = "<group>"; };
		CB1739AA1CD19F3100405878 /* ReadWrite.h */ = {isa = PBXFileReference; lastKnownFileType = sourcecode.c.h; path = ReadWrite.h; sourceTree = "<group>"; };
		CB1739AB1CD1B73800405878 /* TestReadWrite.c */ = {isa = PBXFileReference; lastKnownFileType = sourcecode.c.c; path = TestReadWrite.c; sourceTree = "<group>"; };
		CB1DD2BF1CDC2A1900185A27 /* FileManager.c */ = {isa = PBXFileReference; lastKnownFileType = sourcecode.c.c; path = FileManager.c; sourceTree = "<group>"; };
		CB1DD2C01CDC2A1900185A27 /* FileManager.h */ = {isa = PBXFileReference; lastKnownFileType = sourcecode.c.h; path = FileManager.h; sourceTree = "<group>"; };
		CB1DD2C11CDC36DD00185A27 /* HeapFile.c */ = {isa = PBXFileReference; lastKnownFileType = sourcecode.c.c; path = HeapFile.c; sourceTree = "<group>"; };
		CB1DD2C21CDC36DD00185A27 /* HeapFile.h */ = {isa = PBXFileReference; lastKnownFileType = sourcecode.c.h; path = HeapFile.h; sourceTree = "<group>"; };
		CB1DD2C51CE1486300185A27 /* test_files */ = {isa = PBXFileReference; lastKnownFileType = folder; path = test_files; sourceTree = "<group>"; };
		CB1DD2C61CE1592500185A27 /* TestFileManager.c */ = {isa = PBXFileReference; lastKnownFileType = sourcecode.c.c; path = TestFileManager.c; sourceTree = "<group>"; };
		CB1DD2C71CE1639200185A27 /* TestHeapFile.c */ = {isa = PBXFileReference; lastKnownFileType = sourcecode.c.c; path = TestHeapFile.c; sourceTree = "<group>"; };
		CB4270881CED2D150038493C /* BplusTree.c */ = {isa = PBXFileReference; lastKnownFileType = sourcecode.c.c; path = BplusTree.c; sourceTree = "<group>"; };
		CB4270891CED2D150038493C /* BplusTree.h */ = {isa = PBXFileReference; lastKnownFileType = sourcecode.c.h; path = BplusTree.h; sourceTree = "<group>"; };
		CB42708A1CED2D280038493C /* SeqFile.c */ = {isa = PBXFileReference; lastKnownFileType = sourcecode.c.c; path = SeqFile.c; sourceTree = "<group>"; };
		CB42708B1CED2D280038493C /* SeqFile.h */ = {isa = PBXFileReference; lastKnownFileType = sourcecode.c.h; path = SeqFile.h; sourceTree = "<group>"; };
		CB42708C1CF3CE810038493C /* RecordDescription.c */ = {isa = PBXFileReference; lastKnownFileType = sourcecode.c.c; path = RecordDescription.c; sourceTree = "<group>"; };
		CB42708D1CF3CE810038493C /* RecordDescription.h */ = {isa = PBXFileReference; lastKnownFileType = sourcecode.c.h; path = RecordDescription.h; sourceTree = "<group>"; };
		CB4270901CF582040038493C /* ParserDebug.cpp */ = {isa = PBXFileReference; lastKnownFileType = sourcecode.cpp.cpp; path = ParserDebug.cpp; sourceTree = "<group>"; };
		CB4270911CF582040038493C /* ParserDebug.h */ = {isa = PBXFileReference; lastKnownFileType = sourcecode.c.h; path = ParserDebug.h; sourceTree = "<group>"; };
		CB4270971CF5893D0038493C /* DBMS.cpp */ = {isa = PBXFileReference; lastKnownFileType = sourcecode.cpp.cpp; path = DBMS.cpp; sourceTree = "<group>"; };
		CB4270981CF5893D0038493C /* DBMS.h */ = {isa = PBXFileReference; lastKnownFileType = sourcecode.c.h; path = DBMS.h; sourceTree = "<group>"; };
		CB4270991CF58F3F0038493C /* TestDBMS.cpp */ = {isa = PBXFileReference; lastKnownFileType = sourcecode.cpp.cpp; path = TestDBMS.cpp; sourceTree = "<group>"; };
/* End PBXFileReference section */

/* Begin PBXGroup section */
		0FB6CEBB1CB5E351007B9F6E = {
			isa = PBXGroup;
			children = (
				CB1739A51CD1945200405878 /* libs */,
				CB1DD2C51CE1486300185A27 /* test_files */,
				CB4270921CF582C20038493C /* paser */,
				CB4270931CF582DE0038493C /* Read/Write */,
				CB4270941CF583130038493C /* file level */,
				63B790A61CD96629000F782B /* StatementParser.c */,
				63B790A71CD96629000F782B /* StatementParser.h */,
				CB42708C1CF3CE810038493C /* RecordDescription.c */,
				CB42708D1CF3CE810038493C /* RecordDescription.h */,
				638E34D81CB823C5006530E0 /* README */,
				CB1DD2C81CE1639800185A27 /* Tests */,
				0FB6CEC51CB5E5E2007B9F6E /* Makefile */,
			);
			sourceTree = "<group>";
		};
		CB1DD2C81CE1639800185A27 /* Tests */ = {
			isa = PBXGroup;
			children = (
				638E34D91CB823C5006530E0 /* TestHarness.c */,
				CB1739AB1CD1B73800405878 /* TestReadWrite.c */,
				CB1DD2C61CE1592500185A27 /* TestFileManager.c */,
				CB1DD2C71CE1639200185A27 /* TestHeapFile.c */,
				63B790A81CD96710000F782B /* TestParser.cpp */,
				CB4270991CF58F3F0038493C /* TestDBMS.cpp */,
			);
			name = Tests;
			sourceTree = "<group>";
		};
		CB4270921CF582C20038493C /* paser */ = {
			isa = PBXGroup;
			children = (
				CB4270901CF582040038493C /* ParserDebug.cpp */,
				CB4270911CF582040038493C /* ParserDebug.h */,
				CB4270971CF5893D0038493C /* DBMS.cpp */,
				CB4270981CF5893D0038493C /* DBMS.h */,
			);
			name = paser;
			sourceTree = "<group>";
		};
		CB4270931CF582DE0038493C /* Read/Write */ = {
			isa = PBXGroup;
			children = (
				638E34D21CB823C5006530E0 /* BufferManager.c */,
				638E34D31CB823C5006530E0 /* BufferManager.h */,
				CB1739A91CD19F3100405878 /* ReadWrite.c */,
				CB1739AA1CD19F3100405878 /* ReadWrite.h */,
			);
			name = Read/Write;
			sourceTree = "<group>";
		};
		CB4270941CF583130038493C /* file level */ = {
			isa = PBXGroup;
			children = (
				CB1DD2BF1CDC2A1900185A27 /* FileManager.c */,
				CB1DD2C01CDC2A1900185A27 /* FileManager.h */,
				CB1DD2C11CDC36DD00185A27 /* HeapFile.c */,
				CB1DD2C21CDC36DD00185A27 /* HeapFile.h */,
				CB42708A1CED2D280038493C /* SeqFile.c */,
				CB42708B1CED2D280038493C /* SeqFile.h */,
				CB4270881CED2D150038493C /* BplusTree.c */,
				CB4270891CED2D150038493C /* BplusTree.h */,
			);
			name = "file level";
			sourceTree = "<group>";
		};
/* End PBXGroup section */

/* Begin PBXProject section */
		0FB6CEBC1CB5E351007B9F6E /* Project object */ = {
			isa = PBXProject;
			attributes = {
				LastUpgradeCheck = 0720;
			};
			buildConfigurationList = 0FB6CEBF1CB5E351007B9F6E /* Build configuration list for PBXProject "proj" */;
			compatibilityVersion = "Xcode 3.2";
			developmentRegion = English;
			hasScannedForEncodings = 0;
			knownRegions = (
				en,
			);
			mainGroup = 0FB6CEBB1CB5E351007B9F6E;
			projectDirPath = "";
			projectRoot = "";
			targets = (
			);
		};
/* End PBXProject section */

/* Begin XCBuildConfiguration section */
		0FB6CEC01CB5E351007B9F6E /* Debug */ = {
			isa = XCBuildConfiguration;
			buildSettings = {
			};
			name = Debug;
		};
		0FB6CEC11CB5E351007B9F6E /* Release */ = {
			isa = XCBuildConfiguration;
			buildSettings = {
			};
			name = Release;
		};
/* End XCBuildConfiguration section */

/* Begin XCConfigurationList section */
		0FB6CEBF1CB5E351007B9F6E /* Build configuration list for PBXProject "proj" */ = {
			isa = XCConfigurationList;
			buildConfigurations = (
				0FB6CEC01CB5E351007B9F6E /* Debug */,
				0FB6CEC11CB5E351007B9F6E /* Release */,
			);
			defaultConfigurationIsVisible = 0;
			defaultConfigurationName = Release;
		};
/* End XCConfigurationList section */
	};
	rootObject = 0FB6CEBC1CB5E351007B9F6E /* Project object */;
}
